%{
  "earmark": {:hex, :earmark, "0.2.1", "ba6d26ceb16106d069b289df66751734802777a3cbb6787026dd800ffeb850f3", [], [], "hexpm"},
  "elixir_ale": {:hex, :elixir_ale, "1.0.1", "2066e467e929c589a873e94befd08133eff32c20ef79db24904160dbd7ba75df", [], [{:elixir_make, "~> 0.4", [hex: :elixir_make, repo: "hexpm", optional: false]}], "hexpm"},
  "elixir_make": {:hex, :elixir_make, "0.4.0", "992f38fabe705bb45821a728f20914c554b276838433349d4f2341f7a687cddf", [], [], "hexpm"},
  "ex_doc": {:hex, :ex_doc, "0.12.0", "b774aabfede4af31c0301aece12371cbd25995a21bb3d71d66f5c2fe074c603f", [], [{:earmark, "~> 0.2", [hex: :earmark, repo: "hexpm", optional: false]}], "hexpm"},
}
